// !$*UTF8*$!
{
	archiveVersion = 1;
	classes = {
	};
	objectVersion = 46;
	objects = {

/* Begin PBXBuildFile section */
		04286F3F1B746E47009AC210 /* Foundation.framework in Frameworks */ = {isa = PBXBuildFile; fileRef = 04286F3E1B746E47009AC210 /* Foundation.framework */; };
		04286F411B746E47009AC210 /* CoreGraphics.framework in Frameworks */ = {isa = PBXBuildFile; fileRef = 04286F401B746E47009AC210 /* CoreGraphics.framework */; };
		04286F431B746E47009AC210 /* UIKit.framework in Frameworks */ = {isa = PBXBuildFile; fileRef = 04286F421B746E47009AC210 /* UIKit.framework */; };
		04286F491B746E47009AC210 /* InfoPlist.strings in Resources */ = {isa = PBXBuildFile; fileRef = 04286F471B746E47009AC210 /* InfoPlist.strings */; };
		04286F4B1B746E47009AC210 /* main.m in Sources */ = {isa = PBXBuildFile; fileRef = 04286F4A1B746E47009AC210 /* main.m */; };
		04286F4F1B746E47009AC210 /* AppDelegate.m in Sources */ = {isa = PBXBuildFile; fileRef = 04286F4E1B746E47009AC210 /* AppDelegate.m */; };
		04286F511B746E47009AC210 /* Images.xcassets in Resources */ = {isa = PBXBuildFile; fileRef = 04286F501B746E47009AC210 /* Images.xcassets */; };
		04286F581B746E47009AC210 /* XCTest.framework in Frameworks */ = {isa = PBXBuildFile; fileRef = 04286F571B746E47009AC210 /* XCTest.framework */; };
		04286F591B746E47009AC210 /* Foundation.framework in Frameworks */ = {isa = PBXBuildFile; fileRef = 04286F3E1B746E47009AC210 /* Foundation.framework */; };
		04286F5A1B746E47009AC210 /* UIKit.framework in Frameworks */ = {isa = PBXBuildFile; fileRef = 04286F421B746E47009AC210 /* UIKit.framework */; };
		04286F621B746E47009AC210 /* InfoPlist.strings in Resources */ = {isa = PBXBuildFile; fileRef = 04286F601B746E47009AC210 /* InfoPlist.strings */; };
		04286F641B746E47009AC210 /* LabelFontsTests.m in Sources */ = {isa = PBXBuildFile; fileRef = 04286F631B746E47009AC210 /* LabelFontsTests.m */; };
		04286F701B746E53009AC210 /* ViewController.m in Sources */ = {isa = PBXBuildFile; fileRef = 04286F6E1B746E53009AC210 /* ViewController.m */; };
		04286F711B746E53009AC210 /* ViewController.xib in Resources */ = {isa = PBXBuildFile; fileRef = 04286F6F1B746E53009AC210 /* ViewController.xib */; };
		042870C61B74B30C009AC210 /* CoreText.framework in Frameworks */ = {isa = PBXBuildFile; fileRef = 042870C51B74B30C009AC210 /* CoreText.framework */; };
/* End PBXBuildFile section */

/* Begin PBXContainerItemProxy section */
		04286F5B1B746E47009AC210 /* PBXContainerItemProxy */ = {
			isa = PBXContainerItemProxy;
			containerPortal = 04286F331B746E47009AC210 /* Project object */;
			proxyType = 1;
			remoteGlobalIDString = 04286F3A1B746E47009AC210;
			remoteInfo = LabelFonts;
		};
/* End PBXContainerItemProxy section */

/* Begin PBXFileReference section */
		04286F3B1B746E47009AC210 /* LabelFonts.app */ = {isa = PBXFileReference; explicitFileType = wrapper.application; includeInIndex = 0; path = LabelFonts.app; sourceTree = BUILT_PRODUCTS_DIR; };
		04286F3E1B746E47009AC210 /* Foundation.framework */ = {isa = PBXFileReference; lastKnownFileType = wrapper.framework; name = Foundation.framework; path = System/Library/Frameworks/Foundation.framework; sourceTree = SDKROOT; };
		04286F401B746E47009AC210 /* CoreGraphics.framework */ = {isa = PBXFileReference; lastKnownFileType = wrapper.framework; name = CoreGraphics.framework; path = System/Library/Frameworks/CoreGraphics.framework; sourceTree = SDKROOT; };
		04286F421B746E47009AC210 /* UIKit.framework */ = {isa = PBXFileReference; lastKnownFileType = wrapper.framework; name = UIKit.framework; path = System/Library/Frameworks/UIKit.framework; sourceTree = SDKROOT; };
		04286F461B746E47009AC210 /* LabelFonts-Info.plist */ = {isa = PBXFileReference; lastKnownFileType = text.plist.xml; path = "LabelFonts-Info.plist"; sourceTree = "<group>"; };
		04286F481B746E47009AC210 /* en */ = {isa = PBXFileReference; lastKnownFileType = text.plist.strings; name = en; path = en.lproj/InfoPlist.strings; sourceTree = "<group>"; };
		04286F4A1B746E47009AC210 /* main.m */ = {isa = PBXFileReference; lastKnownFileType = sourcecode.c.objc; path = main.m; sourceTree = "<group>"; };
		04286F4C1B746E47009AC210 /* LabelFonts-Prefix.pch */ = {isa = PBXFileReference; lastKnownFileType = sourcecode.c.h; path = "LabelFonts-Prefix.pch"; sourceTree = "<group>"; };
		04286F4D1B746E47009AC210 /* AppDelegate.h */ = {isa = PBXFileReference; lastKnownFileType = sourcecode.c.h; path = AppDelegate.h; sourceTree = "<group>"; };
		04286F4E1B746E47009AC210 /* AppDelegate.m */ = {isa = PBXFileReference; lastKnownFileType = sourcecode.c.objc; path = AppDelegate.m; sourceTree = "<group>"; };
		04286F501B746E47009AC210 /* Images.xcassets */ = {isa = PBXFileReference; lastKnownFileType = folder.assetcatalog; path = Images.xcassets; sourceTree = "<group>"; };
		04286F561B746E47009AC210 /* LabelFontsTests.xctest */ = {isa = PBXFileReference; explicitFileType = wrapper.cfbundle; includeInIndex = 0; path = LabelFontsTests.xctest; sourceTree = BUILT_PRODUCTS_DIR; };
		04286F571B746E47009AC210 /* XCTest.framework */ = {isa = PBXFileReference; lastKnownFileType = wrapper.framework; name = XCTest.framework; path = Library/Frameworks/XCTest.framework; sourceTree = DEVELOPER_DIR; };
		04286F5F1B746E47009AC210 /* LabelFontsTests-Info.plist */ = {isa = PBXFileReference; lastKnownFileType = text.plist.xml; path = "LabelFontsTests-Info.plist"; sourceTree = "<group>"; };
		04286F611B746E47009AC210 /* en */ = {isa = PBXFileReference; lastKnownFileType = text.plist.strings; name = en; path = en.lproj/InfoPlist.strings; sourceTree = "<group>"; };
		04286F631B746E47009AC210 /* LabelFontsTests.m */ = {isa = PBXFileReference; lastKnownFileType = sourcecode.c.objc; path = LabelFontsTests.m; sourceTree = "<group>"; };
		04286F6D1B746E53009AC210 /* ViewController.h */ = {isa = PBXFileReference; fileEncoding = 4; lastKnownFileType = sourcecode.c.h; path = ViewController.h; sourceTree = "<group>"; };
		04286F6E1B746E53009AC210 /* ViewController.m */ = {isa = PBXFileReference; fileEncoding = 4; lastKnownFileType = sourcecode.c.objc; path = ViewController.m; sourceTree = "<group>"; };
		04286F6F1B746E53009AC210 /* ViewController.xib */ = {isa = PBXFileReference; fileEncoding = 4; lastKnownFileType = file.xib; path = ViewController.xib; sourceTree = "<group>"; };
		042870C51B74B30C009AC210 /* CoreText.framework */ = {isa = PBXFileReference; lastKnownFileType = wrapper.framework; name = CoreText.framework; path = System/Library/Frameworks/CoreText.framework; sourceTree = SDKROOT; };
/* End PBXFileReference section */

/* Begin PBXFrameworksBuildPhase section */
		04286F381B746E47009AC210 /* Frameworks */ = {
			isa = PBXFrameworksBuildPhase;
			buildActionMask = 2147483647;
			files = (
				042870C61B74B30C009AC210 /* CoreText.framework in Frameworks */,
				04286F411B746E47009AC210 /* CoreGraphics.framework in Frameworks */,
				04286F431B746E47009AC210 /* UIKit.framework in Frameworks */,
				04286F3F1B746E47009AC210 /* Foundation.framework in Frameworks */,
			);
			runOnlyForDeploymentPostprocessing = 0;
		};
		04286F531B746E47009AC210 /* Frameworks */ = {
			isa = PBXFrameworksBuildPhase;
			buildActionMask = 2147483647;
			files = (
				04286F581B746E47009AC210 /* XCTest.framework in Frameworks */,
				04286F5A1B746E47009AC210 /* UIKit.framework in Frameworks */,
				04286F591B746E47009AC210 /* Foundation.framework in Frameworks */,
			);
			runOnlyForDeploymentPostprocessing = 0;
		};
/* End PBXFrameworksBuildPhase section */

/* Begin PBXGroup section */
		04286F321B746E47009AC210 = {
			isa = PBXGroup;
			children = (
				04286F441B746E47009AC210 /* LabelFonts */,
				04286F5D1B746E47009AC210 /* LabelFontsTests */,
				04286F3D1B746E47009AC210 /* Frameworks */,
				04286F3C1B746E47009AC210 /* Products */,
			);
			sourceTree = "<group>";
		};
		04286F3C1B746E47009AC210 /* Products */ = {
			isa = PBXGroup;
			children = (
				04286F3B1B746E47009AC210 /* LabelFonts.app */,
				04286F561B746E47009AC210 /* LabelFontsTests.xctest */,
			);
			name = Products;
			sourceTree = "<group>";
		};
		04286F3D1B746E47009AC210 /* Frameworks */ = {
			isa = PBXGroup;
			children = (
				042870C51B74B30C009AC210 /* CoreText.framework */,
				04286F3E1B746E47009AC210 /* Foundation.framework */,
				04286F401B746E47009AC210 /* CoreGraphics.framework */,
				04286F421B746E47009AC210 /* UIKit.framework */,
				04286F571B746E47009AC210 /* XCTest.framework */,
			);
			name = Frameworks;
			sourceTree = "<group>";
		};
		04286F441B746E47009AC210 /* LabelFonts */ = {
			isa = PBXGroup;
			children = (
				04286F4D1B746E47009AC210 /* AppDelegate.h */,
				04286F4E1B746E47009AC210 /* AppDelegate.m */,
				04286F501B746E47009AC210 /* Images.xcassets */,
				04286F451B746E47009AC210 /* Supporting Files */,
				04286F6D1B746E53009AC210 /* ViewController.h */,
				04286F6E1B746E53009AC210 /* ViewController.m */,
				04286F6F1B746E53009AC210 /* ViewController.xib */,
			);
			path = LabelFonts;
			sourceTree = "<group>";
		};
		04286F451B746E47009AC210 /* Supporting Files */ = {
			isa = PBXGroup;
			children = (
				04286F461B746E47009AC210 /* LabelFonts-Info.plist */,
				04286F471B746E47009AC210 /* InfoPlist.strings */,
				04286F4A1B746E47009AC210 /* main.m */,
				04286F4C1B746E47009AC210 /* LabelFonts-Prefix.pch */,
			);
			name = "Supporting Files";
			sourceTree = "<group>";
		};
		04286F5D1B746E47009AC210 /* LabelFontsTests */ = {
			isa = PBXGroup;
			children = (
				04286F631B746E47009AC210 /* LabelFontsTests.m */,
				04286F5E1B746E47009AC210 /* Supporting Files */,
			);
			path = LabelFontsTests;
			sourceTree = "<group>";
		};
		04286F5E1B746E47009AC210 /* Supporting Files */ = {
			isa = PBXGroup;
			children = (
				04286F5F1B746E47009AC210 /* LabelFontsTests-Info.plist */,
				04286F601B746E47009AC210 /* InfoPlist.strings */,
			);
			name = "Supporting Files";
			sourceTree = "<group>";
		};
/* End PBXGroup section */

/* Begin PBXNativeTarget section */
		04286F3A1B746E47009AC210 /* LabelFonts */ = {
			isa = PBXNativeTarget;
			buildConfigurationList = 04286F671B746E47009AC210 /* Build configuration list for PBXNativeTarget "LabelFonts" */;
			buildPhases = (
				04286F371B746E47009AC210 /* Sources */,
				04286F381B746E47009AC210 /* Frameworks */,
				04286F391B746E47009AC210 /* Resources */,
			);
			buildRules = (
			);
			dependencies = (
			);
			name = LabelFonts;
			productName = LabelFonts;
			productReference = 04286F3B1B746E47009AC210 /* LabelFonts.app */;
			productType = "com.apple.product-type.application";
		};
		04286F551B746E47009AC210 /* LabelFontsTests */ = {
			isa = PBXNativeTarget;
			buildConfigurationList = 04286F6A1B746E47009AC210 /* Build configuration list for PBXNativeTarget "LabelFontsTests" */;
			buildPhases = (
				04286F521B746E47009AC210 /* Sources */,
				04286F531B746E47009AC210 /* Frameworks */,
				04286F541B746E47009AC210 /* Resources */,
			);
			buildRules = (
			);
			dependencies = (
				04286F5C1B746E47009AC210 /* PBXTargetDependency */,
			);
			name = LabelFontsTests;
			productName = LabelFontsTests;
			productReference = 04286F561B746E47009AC210 /* LabelFontsTests.xctest */;
			productType = "com.apple.product-type.bundle.unit-test";
		};
/* End PBXNativeTarget section */

/* Begin PBXProject section */
		04286F331B746E47009AC210 /* Project object */ = {
			isa = PBXProject;
			attributes = {
				LastUpgradeCheck = 0510;
				ORGANIZATIONNAME = qf;
				TargetAttributes = {
					04286F551B746E47009AC210 = {
						TestTargetID = 04286F3A1B746E47009AC210;
					};
				};
			};
			buildConfigurationList = 04286F361B746E47009AC210 /* Build configuration list for PBXProject "LabelFonts" */;
			compatibilityVersion = "Xcode 3.2";
			developmentRegion = English;
			hasScannedForEncodings = 0;
			knownRegions = (
				en,
			);
			mainGroup = 04286F321B746E47009AC210;
			productRefGroup = 04286F3C1B746E47009AC210 /* Products */;
			projectDirPath = "";
			projectRoot = "";
			targets = (
				04286F3A1B746E47009AC210 /* LabelFonts */,
				04286F551B746E47009AC210 /* LabelFontsTests */,
			);
		};
/* End PBXProject section */

/* Begin PBXResourcesBuildPhase section */
		04286F391B746E47009AC210 /* Resources */ = {
			isa = PBXResourcesBuildPhase;
			buildActionMask = 2147483647;
			files = (
				04286F491B746E47009AC210 /* InfoPlist.strings in Resources */,
				04286F711B746E53009AC210 /* ViewController.xib in Resources */,
				04286F511B746E47009AC210 /* Images.xcassets in Resources */,
			);
			runOnlyForDeploymentPostprocessing = 0;
		};
		04286F541B746E47009AC210 /* Resources */ = {
			isa = PBXResourcesBuildPhase;
			buildActionMask = 2147483647;
			files = (
				04286F621B746E47009AC210 /* InfoPlist.strings in Resources */,
			);
			runOnlyForDeploymentPostprocessing = 0;
		};
/* End PBXResourcesBuildPhase section */

/* Begin PBXSourcesBuildPhase section */
		04286F371B746E47009AC210 /* Sources */ = {
			isa = PBXSourcesBuildPhase;
			buildActionMask = 2147483647;
			files = (
				04286F701B746E53009AC210 /* ViewController.m in Sources */,
				04286F4F1B746E47009AC210 /* AppDelegate.m in Sources */,
				04286F4B1B746E47009AC210 /* main.m in Sources */,
			);
			runOnlyForDeploymentPostprocessing = 0;
		};
		04286F521B746E47009AC210 /* Sources */ = {
			isa = PBXSourcesBuildPhase;
			buildActionMask = 2147483647;
			files = (
				04286F641B746E47009AC210 /* LabelFontsTests.m in Sources */,
			);
			runOnlyForDeploymentPostprocessing = 0;
		};
/* End PBXSourcesBuildPhase section */

/* Begin PBXTargetDependency section */
		04286F5C1B746E47009AC210 /* PBXTargetDependency */ = {
			isa = PBXTargetDependency;
			target = 04286F3A1B746E47009AC210 /* LabelFonts */;
			targetProxy = 04286F5B1B746E47009AC210 /* PBXContainerItemProxy */;
		};
/* End PBXTargetDependency section */

/* Begin PBXVariantGroup section */
		04286F471B746E47009AC210 /* InfoPlist.strings */ = {
			isa = PBXVariantGroup;
			children = (
				04286F481B746E47009AC210 /* en */,
			);
			name = InfoPlist.strings;
			sourceTree = "<group>";
		};
		04286F601B746E47009AC210 /* InfoPlist.strings */ = {
			isa = PBXVariantGroup;
			children = (
				04286F611B746E47009AC210 /* en */,
			);
			name = InfoPlist.strings;
			sourceTree = "<group>";
		};
/* End PBXVariantGroup section */

/* Begin XCBuildConfiguration section */
		04286F651B746E47009AC210 /* Debug */ = {
			isa = XCBuildConfiguration;
			buildSettings = {
				ALWAYS_SEARCH_USER_PATHS = NO;
				CLANG_CXX_LANGUAGE_STANDARD = "gnu++0x";
				CLANG_CXX_LIBRARY = "libc++";
				CLANG_ENABLE_MODULES = YES;
				CLANG_ENABLE_OBJC_ARC = YES;
				CLANG_WARN_BOOL_CONVERSION = YES;
				CLANG_WARN_CONSTANT_CONVERSION = YES;
				CLANG_WARN_DIRECT_OBJC_ISA_USAGE = YES_ERROR;
				CLANG_WARN_EMPTY_BODY = YES;
				CLANG_WARN_ENUM_CONVERSION = YES;
				CLANG_WARN_INT_CONVERSION = YES;
				CLANG_WARN_OBJC_ROOT_CLASS = YES_ERROR;
				CLANG_WARN__DUPLICATE_METHOD_MATCH = YES;
				"CODE_SIGN_IDENTITY[sdk=iphoneos*]" = "iPhone Developer";
				COPY_PHASE_STRIP = NO;
				GCC_C_LANGUAGE_STANDARD = gnu99;
				GCC_DYNAMIC_NO_PIC = NO;
				GCC_OPTIMIZATION_LEVEL = 0;
				GCC_PREPROCESSOR_DEFINITIONS = (
					"DEBUG=1",
					"$(inherited)",
				);
				GCC_SYMBOLS_PRIVATE_EXTERN = NO;
				GCC_WARN_64_TO_32_BIT_CONVERSION = YES;
				GCC_WARN_ABOUT_RETURN_TYPE = YES_ERROR;
				GCC_WARN_UNDECLARED_SELECTOR = YES;
				GCC_WARN_UNINITIALIZED_AUTOS = YES_AGGRESSIVE;
				GCC_WARN_UNUSED_FUNCTION = YES;
				GCC_WARN_UNUSED_VARIABLE = YES;
				IPHONEOS_DEPLOYMENT_TARGET = 7.1;
				ONLY_ACTIVE_ARCH = YES;
				SDKROOT = iphoneos;
			};
			name = Debug;
		};
		04286F661B746E47009AC210 /* Release */ = {
			isa = XCBuildConfiguration;
			buildSettings = {
				ALWAYS_SEARCH_USER_PATHS = NO;
				CLANG_CXX_LANGUAGE_STANDARD = "gnu++0x";
				CLANG_CXX_LIBRARY = "libc++";
				CLANG_ENABLE_MODULES = YES;
				CLANG_ENABLE_OBJC_ARC = YES;
				CLANG_WARN_BOOL_CONVERSION = YES;
				CLANG_WARN_CONSTANT_CONVERSION = YES;
				CLANG_WARN_DIRECT_OBJC_ISA_USAGE = YES_ERROR;
				CLANG_WARN_EMPTY_BODY = YES;
				CLANG_WARN_ENUM_CONVERSION = YES;
				CLANG_WARN_INT_CONVERSION = YES;
				CLANG_WARN_OBJC_ROOT_CLASS = YES_ERROR;
				CLANG_WARN__DUPLICATE_METHOD_MATCH = YES;
				"CODE_SIGN_IDENTITY[sdk=iphoneos*]" = "iPhone Developer";
				COPY_PHASE_STRIP = YES;
				ENABLE_NS_ASSERTIONS = NO;
				GCC_C_LANGUAGE_STANDARD = gnu99;
				GCC_WARN_64_TO_32_BIT_CONVERSION = YES;
				GCC_WARN_ABOUT_RETURN_TYPE = YES_ERROR;
				GCC_WARN_UNDECLARED_SELECTOR = YES;
				GCC_WARN_UNINITIALIZED_AUTOS = YES_AGGRESSIVE;
				GCC_WARN_UNUSED_FUNCTION = YES;
				GCC_WARN_UNUSED_VARIABLE = YES;
				IPHONEOS_DEPLOYMENT_TARGET = 7.1;
				SDKROOT = iphoneos;
				VALIDATE_PRODUCT = YES;
			};
			name = Release;
		};
		04286F681B746E47009AC210 /* Debug */ = {
			isa = XCBuildConfiguration;
			buildSettings = {
				ASSETCATALOG_COMPILER_APPICON_NAME = AppIcon;
				ASSETCATALOG_COMPILER_LAUNCHIMAGE_NAME = LaunchImage;
				GCC_PRECOMPILE_PREFIX_HEADER = YES;
				GCC_PREFIX_HEADER = "LabelFonts/LabelFonts-Prefix.pch";
				INFOPLIST_FILE = "LabelFonts/LabelFonts-Info.plist";
				PRODUCT_NAME = "$(TARGET_NAME)";
				WRAPPER_EXTENSION = app;
			};
			name = Debug;
		};
		04286F691B746E47009AC210 /* Release */ = {
			isa = XCBuildConfiguration;
			buildSettings = {
				ASSETCATALOG_COMPILER_APPICON_NAME = AppIcon;
				ASSETCATALOG_COMPILER_LAUNCHIMAGE_NAME = LaunchImage;
				GCC_PRECOMPILE_PREFIX_HEADER = YES;
				GCC_PREFIX_HEADER = "LabelFonts/LabelFonts-Prefix.pch";
				INFOPLIST_FILE = "LabelFonts/LabelFonts-Info.plist";
				PRODUCT_NAME = "$(TARGET_NAME)";
				WRAPPER_EXTENSION = app;
			};
			name = Release;
		};
		04286F6B1B746E47009AC210 /* Debug */ = {
			isa = XCBuildConfiguration;
			buildSettings = {
				BUNDLE_LOADER = "$(BUILT_PRODUCTS_DIR)/LabelFonts.app/LabelFonts";
				FRAMEWORK_SEARCH_PATHS = (
					"$(SDKROOT)/Developer/Library/Frameworks",
					"$(inherited)",
					"$(DEVELOPER_FRAMEWORKS_DIR)",
				);
				GCC_PRECOMPILE_PREFIX_HEADER = YES;
				GCC_PREFIX_HEADER = "LabelFonts/LabelFonts-Prefix.pch";
				GCC_PREPROCESSOR_DEFINITIONS = (
					"DEBUG=1",
					"$(inherited)",
				);
				INFOPLIST_FILE = "LabelFontsTests/LabelFontsTests-Info.plist";
				PRODUCT_NAME = "$(TARGET_NAME)";
				TEST_HOST = "$(BUNDLE_LOADER)";
				WRAPPER_EXTENSION = xctest;
			};
			name = Debug;
		};
		04286F6C1B746E47009AC210 /* Release */ = {
			isa = XCBuildConfiguration;
			buildSettings = {
				BUNDLE_LOADER = "$(BUILT_PRODUCTS_DIR)/LabelFonts.app/LabelFonts";
				FRAMEWORK_SEARCH_PATHS = (
					"$(SDKROOT)/Developer/Library/Frameworks",
					"$(inherited)",
					"$(DEVELOPER_FRAMEWORKS_DIR)",
				);
				GCC_PRECOMPILE_PREFIX_HEADER = YES;
				GCC_PREFIX_HEADER = "LabelFonts/LabelFonts-Prefix.pch";
				INFOPLIST_FILE = "LabelFontsTests/LabelFontsTests-Info.plist";
				PRODUCT_NAME = "$(TARGET_NAME)";
				TEST_HOST = "$(BUNDLE_LOADER)";
				WRAPPER_EXTENSION = xctest;
			};
			name = Release;
		};
/* End XCBuildConfiguration section */

/* Begin XCConfigurationList section */
		04286F361B746E47009AC210 /* Build configuration list for PBXProject "LabelFonts" */ = {
			isa = XCConfigurationList;
			buildConfigurations = (
				04286F651B746E47009AC210 /* Debug */,
				04286F661B746E47009AC210 /* Release */,
			);
			defaultConfigurationIsVisible = 0;
			defaultConfigurationName = Release;
		};
		04286F671B746E47009AC210 /* Build configuration list for PBXNativeTarget "LabelFonts" */ = {
			isa = XCConfigurationList;
			buildConfigurations = (
				04286F681B746E47009AC210 /* Debug */,
				04286F691B746E47009AC210 /* Release */,
			);
			defaultConfigurationIsVisible = 0;
			defaultConfigurationName = Release;
		};
		04286F6A1B746E47009AC210 /* Build configuration list for PBXNativeTarget "LabelFontsTests" */ = {
			isa = XCConfigurationList;
			buildConfigurations = (
				04286F6B1B746E47009AC210 /* Debug */,
				04286F6C1B746E47009AC210 /* Release */,
			);
			defaultConfigurationIsVisible = 0;
			defaultConfigurationName = Release;
		};
/* End XCConfigurationList section */
	};
	rootObject = 04286F331B746E47009AC210 /* Project object */;
}
