// !$*UTF8*$!
{
	archiveVersion = 1;
	classes = {
	};
	objectVersion = 46;
	objects = {

/* Begin PBXBuildFile section */
		C075013C1AE8A0EE00E64BEA /* main.m in Sources */ = {isa = PBXBuildFile; fileRef = C075013B1AE8A0EE00E64BEA /* main.m */; };
		C07501441AE8A10C00E64BEA /* QFObject.m in Sources */ = {isa = PBXBuildFile; fileRef = C07501431AE8A10C00E64BEA /* QFObject.m */; };
/* End PBXBuildFile section */

/* Begin PBXCopyFilesBuildPhase section */
		C07501361AE8A0EE00E64BEA /* CopyFiles */ = {
			isa = PBXCopyFilesBuildPhase;
			buildActionMask = 2147483647;
			dstPath = /usr/share/man/man1/;
			dstSubfolderSpec = 0;
			files = (
			);
			runOnlyForDeploymentPostprocessing = 1;
		};
/* End PBXCopyFilesBuildPhase section */

/* Begin PBXFileReference section */
		C07501381AE8A0EE00E64BEA /* 数组常用方法 */ = {isa = PBXFileReference; explicitFileType = "compiled.mach-o.executable"; includeInIndex = 0; path = "数组常用方法"; sourceTree = BUILT_PRODUCTS_DIR; };
		C075013B1AE8A0EE00E64BEA /* main.m */ = {isa = PBXFileReference; lastKnownFileType = sourcecode.c.objc; path = main.m; sourceTree = "<group>"; };
		C07501421AE8A10C00E64BEA /* QFObject.h */ = {isa = PBXFileReference; fileEncoding = 4; lastKnownFileType = sourcecode.c.h; path = QFObject.h; sourceTree = "<group>"; };
		C07501431AE8A10C00E64BEA /* QFObject.m */ = {isa = PBXFileReference; fileEncoding = 4; lastKnownFileType = sourcecode.c.objc; path = QFObject.m; sourceTree = "<group>"; };
/* End PBXFileReference section */

/* Begin PBXFrameworksBuildPhase section */
		C07501351AE8A0EE00E64BEA /* Frameworks */ = {
			isa = PBXFrameworksBuildPhase;
			buildActionMask = 2147483647;
			files = (
			);
			runOnlyForDeploymentPostprocessing = 0;
		};
/* End PBXFrameworksBuildPhase section */

/* Begin PBXGroup section */
		C075012F1AE8A0EE00E64BEA = {
			isa = PBXGroup;
			children = (
				C075013A1AE8A0EE00E64BEA /* 数组常用方法 */,
				C07501391AE8A0EE00E64BEA /* Products */,
			);
			sourceTree = "<group>";
		};
		C07501391AE8A0EE00E64BEA /* Products */ = {
			isa = PBXGroup;
			children = (
				C07501381AE8A0EE00E64BEA /* 数组常用方法 */,
			);
			name = Products;
			sourceTree = "<group>";
		};
		C075013A1AE8A0EE00E64BEA /* 数组常用方法 */ = {
			isa = PBXGroup;
			children = (
				C075013B1AE8A0EE00E64BEA /* main.m */,
				C07501421AE8A10C00E64BEA /* QFObject.h */,
				C07501431AE8A10C00E64BEA /* QFObject.m */,
			);
			path = "数组常用方法";
			sourceTree = "<group>";
		};
/* End PBXGroup section */

/* Begin PBXNativeTarget section */
		C07501371AE8A0EE00E64BEA /* 数组常用方法 */ = {
			isa = PBXNativeTarget;
			buildConfigurationList = C075013F1AE8A0EE00E64BEA /* Build configuration list for PBXNativeTarget "数组常用方法" */;
			buildPhases = (
				C07501341AE8A0EE00E64BEA /* Sources */,
				C07501351AE8A0EE00E64BEA /* Frameworks */,
				C07501361AE8A0EE00E64BEA /* CopyFiles */,
			);
			buildRules = (
			);
			dependencies = (
			);
			name = "数组常用方法";
			productName = "数组常用方法";
			productReference = C07501381AE8A0EE00E64BEA /* 数组常用方法 */;
			productType = "com.apple.product-type.tool";
		};
/* End PBXNativeTarget section */

/* Begin PBXProject section */
		C07501301AE8A0EE00E64BEA /* Project object */ = {
			isa = PBXProject;
			attributes = {
				LastUpgradeCheck = 0620;
				ORGANIZATIONNAME = leisure;
				TargetAttributes = {
					C07501371AE8A0EE00E64BEA = {
						CreatedOnToolsVersion = 6.2;
					};
				};
			};
			buildConfigurationList = C07501331AE8A0EE00E64BEA /* Build configuration list for PBXProject "数组常用方法" */;
			compatibilityVersion = "Xcode 3.2";
			developmentRegion = English;
			hasScannedForEncodings = 0;
			knownRegions = (
				en,
			);
			mainGroup = C075012F1AE8A0EE00E64BEA;
			productRefGroup = C07501391AE8A0EE00E64BEA /* Products */;
			projectDirPath = "";
			projectRoot = "";
			targets = (
				C07501371AE8A0EE00E64BEA /* 数组常用方法 */,
			);
		};
/* End PBXProject section */

/* Begin PBXSourcesBuildPhase section */
		C07501341AE8A0EE00E64BEA /* Sources */ = {
			isa = PBXSourcesBuildPhase;
			buildActionMask = 2147483647;
			files = (
				C075013C1AE8A0EE00E64BEA /* main.m in Sources */,
				C07501441AE8A10C00E64BEA /* QFObject.m in Sources */,
			);
			runOnlyForDeploymentPostprocessing = 0;
		};
/* End PBXSourcesBuildPhase section */

/* Begin XCBuildConfiguration section */
		C075013D1AE8A0EE00E64BEA /* Debug */ = {
			isa = XCBuildConfiguration;
			buildSettings = {
				ALWAYS_SEARCH_USER_PATHS = NO;
				CLANG_CXX_LANGUAGE_STANDARD = "gnu++0x";
				CLANG_CXX_LIBRARY = "libc++";
				CLANG_ENABLE_MODULES = YES;
				CLANG_ENABLE_OBJC_ARC = YES;
				CLANG_WARN_BOOL_CONVERSION = YES;
				CLANG_WARN_CONSTANT_CONVERSION = YES;
				CLANG_WARN_DIRECT_OBJC_ISA_USAGE = YES_ERROR;
				CLANG_WARN_EMPTY_BODY = YES;
				CLANG_WARN_ENUM_CONVERSION = YES;
				CLANG_WARN_INT_CONVERSION = YES;
				CLANG_WARN_OBJC_ROOT_CLASS = YES_ERROR;
				CLANG_WARN_UNREACHABLE_CODE = YES;
				CLANG_WARN__DUPLICATE_METHOD_MATCH = YES;
				COPY_PHASE_STRIP = NO;
				ENABLE_STRICT_OBJC_MSGSEND = YES;
				GCC_C_LANGUAGE_STANDARD = gnu99;
				GCC_DYNAMIC_NO_PIC = NO;
				GCC_OPTIMIZATION_LEVEL = 0;
				GCC_PREPROCESSOR_DEFINITIONS = (
					"DEBUG=1",
					"$(inherited)",
				);
				GCC_SYMBOLS_PRIVATE_EXTERN = NO;
				GCC_WARN_64_TO_32_BIT_CONVERSION = YES;
				GCC_WARN_ABOUT_RETURN_TYPE = YES_ERROR;
				GCC_WARN_UNDECLARED_SELECTOR = YES;
				GCC_WARN_UNINITIALIZED_AUTOS = YES_AGGRESSIVE;
				GCC_WARN_UNUSED_FUNCTION = YES;
				GCC_WARN_UNUSED_VARIABLE = YES;
				MACOSX_DEPLOYMENT_TARGET = 10.10;
				MTL_ENABLE_DEBUG_INFO = YES;
				ONLY_ACTIVE_ARCH = YES;
				SDKROOT = macosx;
			};
			name = Debug;
		};
		C075013E1AE8A0EE00E64BEA /* Release */ = {
			isa = XCBuildConfiguration;
			buildSettings = {
				ALWAYS_SEARCH_USER_PATHS = NO;
				CLANG_CXX_LANGUAGE_STANDARD = "gnu++0x";
				CLANG_CXX_LIBRARY = "libc++";
				CLANG_ENABLE_MODULES = YES;
				CLANG_ENABLE_OBJC_ARC = YES;
				CLANG_WARN_BOOL_CONVERSION = YES;
				CLANG_WARN_CONSTANT_CONVERSION = YES;
				CLANG_WARN_DIRECT_OBJC_ISA_USAGE = YES_ERROR;
				CLANG_WARN_EMPTY_BODY = YES;
				CLANG_WARN_ENUM_CONVERSION = YES;
				CLANG_WARN_INT_CONVERSION = YES;
				CLANG_WARN_OBJC_ROOT_CLASS = YES_ERROR;
				CLANG_WARN_UNREACHABLE_CODE = YES;
				CLANG_WARN__DUPLICATE_METHOD_MATCH = YES;
				COPY_PHASE_STRIP = NO;
				DEBUG_INFORMATION_FORMAT = "dwarf-with-dsym";
				ENABLE_NS_ASSERTIONS = NO;
				ENABLE_STRICT_OBJC_MSGSEND = YES;
				GCC_C_LANGUAGE_STANDARD = gnu99;
				GCC_WARN_64_TO_32_BIT_CONVERSION = YES;
				GCC_WARN_ABOUT_RETURN_TYPE = YES_ERROR;
				GCC_WARN_UNDECLARED_SELECTOR = YES;
				GCC_WARN_UNINITIALIZED_AUTOS = YES_AGGRESSIVE;
				GCC_WARN_UNUSED_FUNCTION = YES;
				GCC_WARN_UNUSED_VARIABLE = YES;
				MACOSX_DEPLOYMENT_TARGET = 10.10;
				MTL_ENABLE_DEBUG_INFO = NO;
				SDKROOT = macosx;
			};
			name = Release;
		};
		C07501401AE8A0EE00E64BEA /* Debug */ = {
			isa = XCBuildConfiguration;
			buildSettings = {
				PRODUCT_NAME = "$(TARGET_NAME)";
			};
			name = Debug;
		};
		C07501411AE8A0EE00E64BEA /* Release */ = {
			isa = XCBuildConfiguration;
			buildSettings = {
				PRODUCT_NAME = "$(TARGET_NAME)";
			};
			name = Release;
		};
/* End XCBuildConfiguration section */

/* Begin XCConfigurationList section */
		C07501331AE8A0EE00E64BEA /* Build configuration list for PBXProject "数组常用方法" */ = {
			isa = XCConfigurationList;
			buildConfigurations = (
				C075013D1AE8A0EE00E64BEA /* Debug */,
				C075013E1AE8A0EE00E64BEA /* Release */,
			);
			defaultConfigurationIsVisible = 0;
			defaultConfigurationName = Release;
		};
		C075013F1AE8A0EE00E64BEA /* Build configuration list for PBXNativeTarget "数组常用方法" */ = {
			isa = XCConfigurationList;
			buildConfigurations = (
				C07501401AE8A0EE00E64BEA /* Debug */,
				C07501411AE8A0EE00E64BEA /* Release */,
			);
			defaultConfigurationIsVisible = 0;
		};
/* End XCConfigurationList section */
	};
	rootObject = C07501301AE8A0EE00E64BEA /* Project object */;
}
